
Microsoft Visual Studio Solution File, Format Version 12.00
# Visual Studio Version 17
VisualStudioVersion = 17.5.33424.131
MinimumVisualStudioVersion = 10.0.40219.1
Project("{FAE04EC0-301F-11D3-BF4B-00C04F79EFBC}") = "Temperature.UWP", "Temperature\Temperature.UWP\Temperature.UWP.csproj", "{7F99384D-91B2-488A-A981-6E4FCCD39B67}"
EndProject
Project("{FAE04EC0-301F-11D3-BF4B-00C04F79EFBC}") = "Temperature.Android", "Temperature\Temperature.Android\Temperature.Android.csproj", "{90EA2076-4796-4511-98BC-2325437D7B04}"
EndProject
Project("{FAE04EC0-301F-11D3-BF4B-00C04F79EFBC}") = "Temperature.iOS", "Temperature\Temperature.iOS\Temperature.iOS.csproj", "{790E4EC5-85A4-46D2-A5B5-096841D282C3}"
EndProject
Project("{FAE04EC0-301F-11D3-BF4B-00C04F79EFBC}") = "Temperature", "Temperature\Temperature\Temperature.csproj", "{CE023642-9F74-4024-8A0F-6ADAFD9A7C97}"
EndProject
Global
	GlobalSection(SolutionConfigurationPlatforms) = preSolution
		Debug|Any CPU = Debug|Any CPU
		Debug|ARM = Debug|ARM
		Debug|iPhone = Debug|iPhone
		Debug|iPhoneSimulator = Debug|iPhoneSimulator
		Debug|x64 = Debug|x64
		Debug|x86 = Debug|x86
		Release|Any CPU = Release|Any CPU
		Release|ARM = Release|ARM
		Release|iPhone = Release|iPhone
		Release|iPhoneSimulator = Release|iPhoneSimulator
		Release|x64 = Release|x64
		Release|x86 = Release|x86
	EndGlobalSection
	GlobalSection(ProjectConfigurationPlatforms) = postSolution
		{7F99384D-91B2-488A-A981-6E4FCCD39B67}.Debug|Any CPU.ActiveCfg = Debug|x64
		{7F99384D-91B2-488A-A981-6E4FCCD39B67}.Debug|Any CPU.Build.0 = Debug|x64
		{7F99384D-91B2-488A-A981-6E4FCCD39B67}.Debug|Any CPU.Deploy.0 = Debug|x64
		{7F99384D-91B2-488A-A981-6E4FCCD39B67}.Debug|ARM.ActiveCfg = Debug|ARM
		{7F99384D-91B2-488A-A981-6E4FCCD39B67}.Debug|ARM.Build.0 = Debug|ARM
		{7F99384D-91B2-488A-A981-6E4FCCD39B67}.Debug|ARM.Deploy.0 = Debug|ARM
		{7F99384D-91B2-488A-A981-6E4FCCD39B67}.Debug|iPhone.ActiveCfg = Debug|x64
		{7F99384D-91B2-488A-A981-6E4FCCD39B67}.Debug|iPhone.Build.0 = Debug|x64
		{7F99384D-91B2-488A-A981-6E4FCCD39B67}.Debug|iPhone.Deploy.0 = Debug|x64
		{7F99384D-91B2-488A-A981-6E4FCCD39B67}.Debug|iPhoneSimulator.ActiveCfg = Debug|x64
		{7F99384D-91B2-488A-A981-6E4FCCD39B67}.Debug|iPhoneSimulator.Build.0 = Debug|x64
		{7F99384D-91B2-488A-A981-6E4FCCD39B67}.Debug|iPhoneSimulator.Deploy.0 = Debug|x64
		{7F99384D-91B2-488A-A981-6E4FCCD39B67}.Debug|x64.ActiveCfg = Debug|x64
		{7F99384D-91B2-488A-A981-6E4FCCD39B67}.Debug|x64.Build.0 = Debug|x64
		{7F99384D-91B2-488A-A981-6E4FCCD39B67}.Debug|x64.Deploy.0 = Debug|x64
		{7F99384D-91B2-488A-A981-6E4FCCD39B67}.Debug|x86.ActiveCfg = Debug|x86
		{7F99384D-91B2-488A-A981-6E4FCCD39B67}.Debug|x86.Build.0 = Debug|x86
		{7F99384D-91B2-488A-A981-6E4FCCD39B67}.Debug|x86.Deploy.0 = Debug|x86
		{7F99384D-91B2-488A-A981-6E4FCCD39B67}.Release|Any CPU.ActiveCfg = Release|x64
		{7F99384D-91B2-488A-A981-6E4FCCD39B67}.Release|Any CPU.Build.0 = Release|x64
		{7F99384D-91B2-488A-A981-6E4FCCD39B67}.Release|Any CPU.Deploy.0 = Release|x64
		{7F99384D-91B2-488A-A981-6E4FCCD39B67}.Release|ARM.ActiveCfg = Release|ARM
		{7F99384D-91B2-488A-A981-6E4FCCD39B67}.Release|ARM.Build.0 = Release|ARM
		{7F99384D-91B2-488A-A981-6E4FCCD39B67}.Release|ARM.Deploy.0 = Release|ARM
		{7F99384D-91B2-488A-A981-6E4FCCD39B67}.Release|iPhone.ActiveCfg = Release|x64
		{7F99384D-91B2-488A-A981-6E4FCCD39B67}.Release|iPhone.Build.0 = Release|x64
		{7F99384D-91B2-488A-A981-6E4FCCD39B67}.Release|iPhone.Deploy.0 = Release|x64
		{7F99384D-91B2-488A-A981-6E4FCCD39B67}.Release|iPhoneSimulator.ActiveCfg = Release|x64
		{7F99384D-91B2-488A-A981-6E4FCCD39B67}.Release|iPhoneSimulator.Build.0 = Release|x64
		{7F99384D-91B2-488A-A981-6E4FCCD39B67}.Release|iPhoneSimulator.Deploy.0 = Release|x64
		{7F99384D-91B2-488A-A981-6E4FCCD39B67}.Release|x64.ActiveCfg = Release|x64
		{7F99384D-91B2-488A-A981-6E4FCCD39B67}.Release|x64.Build.0 = Release|x64
		{7F99384D-91B2-488A-A981-6E4FCCD39B67}.Release|x64.Deploy.0 = Release|x64
		{7F99384D-91B2-488A-A981-6E4FCCD39B67}.Release|x86.ActiveCfg = Release|x86
		{7F99384D-91B2-488A-A981-6E4FCCD39B67}.Release|x86.Build.0 = Release|x86
		{7F99384D-91B2-488A-A981-6E4FCCD39B67}.Release|x86.Deploy.0 = Release|x86
		{90EA2076-4796-4511-98BC-2325437D7B04}.Debug|Any CPU.ActiveCfg = Debug|Any CPU
		{90EA2076-4796-4511-98BC-2325437D7B04}.Debug|Any CPU.Build.0 = Debug|Any CPU
		{90EA2076-4796-4511-98BC-2325437D7B04}.Debug|Any CPU.Deploy.0 = Debug|Any CPU
		{90EA2076-4796-4511-98BC-2325437D7B04}.Debug|ARM.ActiveCfg = Debug|Any CPU
		{90EA2076-4796-4511-98BC-2325437D7B04}.Debug|ARM.Build.0 = Debug|Any CPU
		{90EA2076-4796-4511-98BC-2325437D7B04}.Debug|ARM.Deploy.0 = Debug|Any CPU
		{90EA2076-4796-4511-98BC-2325437D7B04}.Debug|iPhone.ActiveCfg = Debug|Any CPU
		{90EA2076-4796-4511-98BC-2325437D7B04}.Debug|iPhone.Build.0 = Debug|Any CPU
		{90EA2076-4796-4511-98BC-2325437D7B04}.Debug|iPhone.Deploy.0 = Debug|Any CPU
		{90EA2076-4796-4511-98BC-2325437D7B04}.Debug|iPhoneSimulator.ActiveCfg = Debug|Any CPU
		{90EA2076-4796-4511-98BC-2325437D7B04}.Debug|iPhoneSimulator.Build.0 = Debug|Any CPU
		{90EA2076-4796-4511-98BC-2325437D7B04}.Debug|iPhoneSimulator.Deploy.0 = Debug|Any CPU
		{90EA2076-4796-4511-98BC-2325437D7B04}.Debug|x64.ActiveCfg = Debug|Any CPU
		{90EA2076-4796-4511-98BC-2325437D7B04}.Debug|x64.Build.0 = Debug|Any CPU
		{90EA2076-4796-4511-98BC-2325437D7B04}.Debug|x64.Deploy.0 = Debug|Any CPU
		{90EA2076-4796-4511-98BC-2325437D7B04}.Debug|x86.ActiveCfg = Debug|Any CPU
		{90EA2076-4796-4511-98BC-2325437D7B04}.Debug|x86.Build.0 = Debug|Any CPU
		{90EA2076-4796-4511-98BC-2325437D7B04}.Debug|x86.Deploy.0 = Debug|Any CPU
		{90EA2076-4796-4511-98BC-2325437D7B04}.Release|Any CPU.ActiveCfg = Release|Any CPU
		{90EA2076-4796-4511-98BC-2325437D7B04}.Release|Any CPU.Build.0 = Release|Any CPU
		{90EA2076-4796-4511-98BC-2325437D7B04}.Release|Any CPU.Deploy.0 = Release|Any CPU
		{90EA2076-4796-4511-98BC-2325437D7B04}.Release|ARM.ActiveCfg = Release|Any CPU
		{90EA2076-4796-4511-98BC-2325437D7B04}.Release|ARM.Build.0 = Release|Any CPU
		{90EA2076-4796-4511-98BC-2325437D7B04}.Release|ARM.Deploy.0 = Release|Any CPU
		{90EA2076-4796-4511-98BC-2325437D7B04}.Release|iPhone.ActiveCfg = Release|Any CPU
		{90EA2076-4796-4511-98BC-2325437D7B04}.Release|iPhone.Build.0 = Release|Any CPU
		{90EA2076-4796-4511-98BC-2325437D7B04}.Release|iPhone.Deploy.0 = Release|Any CPU
		{90EA2076-4796-4511-98BC-2325437D7B04}.Release|iPhoneSimulator.ActiveCfg = Release|Any CPU
		{90EA2076-4796-4511-98BC-2325437D7B04}.Release|iPhoneSimulator.Build.0 = Release|Any CPU
		{90EA2076-4796-4511-98BC-2325437D7B04}.Release|iPhoneSimulator.Deploy.0 = Release|Any CPU
		{90EA2076-4796-4511-98BC-2325437D7B04}.Release|x64.ActiveCfg = Release|Any CPU
		{90EA2076-4796-4511-98BC-2325437D7B04}.Release|x64.Build.0 = Release|Any CPU
		{90EA2076-4796-4511-98BC-2325437D7B04}.Release|x64.Deploy.0 = Release|Any CPU
		{90EA2076-4796-4511-98BC-2325437D7B04}.Release|x86.ActiveCfg = Release|Any CPU
		{90EA2076-4796-4511-98BC-2325437D7B04}.Release|x86.Build.0 = Release|Any CPU
		{90EA2076-4796-4511-98BC-2325437D7B04}.Release|x86.Deploy.0 = Release|Any CPU
		{790E4EC5-85A4-46D2-A5B5-096841D282C3}.Debug|Any CPU.ActiveCfg = Debug|iPhoneSimulator
		{790E4EC5-85A4-46D2-A5B5-096841D282C3}.Debug|Any CPU.Build.0 = Debug|iPhoneSimulator
		{790E4EC5-85A4-46D2-A5B5-096841D282C3}.Debug|Any CPU.Deploy.0 = Debug|iPhoneSimulator
		{790E4EC5-85A4-46D2-A5B5-096841D282C3}.Debug|ARM.ActiveCfg = Debug|iPhoneSimulator
		{790E4EC5-85A4-46D2-A5B5-096841D282C3}.Debug|ARM.Build.0 = Debug|iPhoneSimulator
		{790E4EC5-85A4-46D2-A5B5-096841D282C3}.Debug|ARM.Deploy.0 = Debug|iPhoneSimulator
		{790E4EC5-85A4-46D2-A5B5-096841D282C3}.Debug|iPhone.ActiveCfg = Debug|iPhone
		{790E4EC5-85A4-46D2-A5B5-096841D282C3}.Debug|iPhone.Build.0 = Debug|iPhone
		{790E4EC5-85A4-46D2-A5B5-096841D282C3}.Debug|iPhone.Deploy.0 = Debug|iPhone
		{790E4EC5-85A4-46D2-A5B5-096841D282C3}.Debug|iPhoneSimulator.ActiveCfg = Debug|iPhoneSimulator
		{790E4EC5-85A4-46D2-A5B5-096841D282C3}.Debug|iPhoneSimulator.Build.0 = Debug|iPhoneSimulator
		{790E4EC5-85A4-46D2-A5B5-096841D282C3}.Debug|iPhoneSimulator.Deploy.0 = Debug|iPhoneSimulator
		{790E4EC5-85A4-46D2-A5B5-096841D282C3}.Debug|x64.ActiveCfg = Debug|iPhone
		{790E4EC5-85A4-46D2-A5B5-096841D282C3}.Debug|x64.Build.0 = Debug|iPhone
		{790E4EC5-85A4-46D2-A5B5-096841D282C3}.Debug|x64.Deploy.0 = Debug|iPhone
		{790E4EC5-85A4-46D2-A5B5-096841D282C3}.Debug|x86.ActiveCfg = Debug|iPhoneSimulator
		{790E4EC5-85A4-46D2-A5B5-096841D282C3}.Debug|x86.Build.0 = Debug|iPhoneSimulator
		{790E4EC5-85A4-46D2-A5B5-096841D282C3}.Debug|x86.Deploy.0 = Debug|iPhoneSimulator
		{790E4EC5-85A4-46D2-A5B5-096841D282C3}.Release|Any CPU.ActiveCfg = Release|iPhoneSimulator
		{790E4EC5-85A4-46D2-A5B5-096841D282C3}.Release|Any CPU.Build.0 = Release|iPhoneSimulator
		{790E4EC5-85A4-46D2-A5B5-096841D282C3}.Release|Any CPU.Deploy.0 = Release|iPhoneSimulator
		{790E4EC5-85A4-46D2-A5B5-096841D282C3}.Release|ARM.ActiveCfg = Release|iPhoneSimulator
		{790E4EC5-85A4-46D2-A5B5-096841D282C3}.Release|ARM.Build.0 = Release|iPhoneSimulator
		{790E4EC5-85A4-46D2-A5B5-096841D282C3}.Release|ARM.Deploy.0 = Release|iPhoneSimulator
		{790E4EC5-85A4-46D2-A5B5-096841D282C3}.Release|iPhone.ActiveCfg = Release|iPhone
		{790E4EC5-85A4-46D2-A5B5-096841D282C3}.Release|iPhone.Build.0 = Release|iPhone
		{790E4EC5-85A4-46D2-A5B5-096841D282C3}.Release|iPhone.Deploy.0 = Release|iPhone
		{790E4EC5-85A4-46D2-A5B5-096841D282C3}.Release|iPhoneSimulator.ActiveCfg = Release|iPhoneSimulator
		{790E4EC5-85A4-46D2-A5B5-096841D282C3}.Release|iPhoneSimulator.Build.0 = Release|iPhoneSimulator
		{790E4EC5-85A4-46D2-A5B5-096841D282C3}.Release|iPhoneSimulator.Deploy.0 = Release|iPhoneSimulator
		{790E4EC5-85A4-46D2-A5B5-096841D282C3}.Release|x64.ActiveCfg = Release|iPhoneSimulator
		{790E4EC5-85A4-46D2-A5B5-096841D282C3}.Release|x64.Build.0 = Release|iPhoneSimulator
		{790E4EC5-85A4-46D2-A5B5-096841D282C3}.Release|x64.Deploy.0 = Release|iPhoneSimulator
		{790E4EC5-85A4-46D2-A5B5-096841D282C3}.Release|x86.ActiveCfg = Release|iPhoneSimulator
		{790E4EC5-85A4-46D2-A5B5-096841D282C3}.Release|x86.Build.0 = Release|iPhoneSimulator
		{790E4EC5-85A4-46D2-A5B5-096841D282C3}.Release|x86.Deploy.0 = Release|iPhoneSimulator
		{CE023642-9F74-4024-8A0F-6ADAFD9A7C97}.Debug|Any CPU.ActiveCfg = Debug|Any CPU
		{CE023642-9F74-4024-8A0F-6ADAFD9A7C97}.Debug|Any CPU.Build.0 = Debug|Any CPU
		{CE023642-9F74-4024-8A0F-6ADAFD9A7C97}.Debug|Any CPU.Deploy.0 = Debug|Any CPU
		{CE023642-9F74-4024-8A0F-6ADAFD9A7C97}.Debug|ARM.ActiveCfg = Debug|Any CPU
		{CE023642-9F74-4024-8A0F-6ADAFD9A7C97}.Debug|ARM.Build.0 = Debug|Any CPU
		{CE023642-9F74-4024-8A0F-6ADAFD9A7C97}.Debug|ARM.Deploy.0 = Debug|Any CPU
		{CE023642-9F74-4024-8A0F-6ADAFD9A7C97}.Debug|iPhone.ActiveCfg = Debug|Any CPU
		{CE023642-9F74-4024-8A0F-6ADAFD9A7C97}.Debug|iPhone.Build.0 = Debug|Any CPU
		{CE023642-9F74-4024-8A0F-6ADAFD9A7C97}.Debug|iPhone.Deploy.0 = Debug|Any CPU
		{CE023642-9F74-4024-8A0F-6ADAFD9A7C97}.Debug|iPhoneSimulator.ActiveCfg = Debug|Any CPU
		{CE023642-9F74-4024-8A0F-6ADAFD9A7C97}.Debug|iPhoneSimulator.Build.0 = Debug|Any CPU
		{CE023642-9F74-4024-8A0F-6ADAFD9A7C97}.Debug|iPhoneSimulator.Deploy.0 = Debug|Any CPU
		{CE023642-9F74-4024-8A0F-6ADAFD9A7C97}.Debug|x64.ActiveCfg = Debug|Any CPU
		{CE023642-9F74-4024-8A0F-6ADAFD9A7C97}.Debug|x64.Build.0 = Debug|Any CPU
		{CE023642-9F74-4024-8A0F-6ADAFD9A7C97}.Debug|x64.Deploy.0 = Debug|Any CPU
		{CE023642-9F74-4024-8A0F-6ADAFD9A7C97}.Debug|x86.ActiveCfg = Debug|Any CPU
		{CE023642-9F74-4024-8A0F-6ADAFD9A7C97}.Debug|x86.Build.0 = Debug|Any CPU
		{CE023642-9F74-4024-8A0F-6ADAFD9A7C97}.Debug|x86.Deploy.0 = Debug|Any CPU
		{CE023642-9F74-4024-8A0F-6ADAFD9A7C97}.Release|Any CPU.ActiveCfg = Release|Any CPU
		{CE023642-9F74-4024-8A0F-6ADAFD9A7C97}.Release|Any CPU.Build.0 = Release|Any CPU
		{CE023642-9F74-4024-8A0F-6ADAFD9A7C97}.Release|Any CPU.Deploy.0 = Release|Any CPU
		{CE023642-9F74-4024-8A0F-6ADAFD9A7C97}.Release|ARM.ActiveCfg = Release|Any CPU
		{CE023642-9F74-4024-8A0F-6ADAFD9A7C97}.Release|ARM.Build.0 = Release|Any CPU
		{CE023642-9F74-4024-8A0F-6ADAFD9A7C97}.Release|ARM.Deploy.0 = Release|Any CPU
		{CE023642-9F74-4024-8A0F-6ADAFD9A7C97}.Release|iPhone.ActiveCfg = Release|Any CPU
		{CE023642-9F74-4024-8A0F-6ADAFD9A7C97}.Release|iPhone.Build.0 = Release|Any CPU
		{CE023642-9F74-4024-8A0F-6ADAFD9A7C97}.Release|iPhone.Deploy.0 = Release|Any CPU
		{CE023642-9F74-4024-8A0F-6ADAFD9A7C97}.Release|iPhoneSimulator.ActiveCfg = Release|Any CPU
		{CE023642-9F74-4024-8A0F-6ADAFD9A7C97}.Release|iPhoneSimulator.Build.0 = Release|Any CPU
		{CE023642-9F74-4024-8A0F-6ADAFD9A7C97}.Release|iPhoneSimulator.Deploy.0 = Release|Any CPU
		{CE023642-9F74-4024-8A0F-6ADAFD9A7C97}.Release|x64.ActiveCfg = Release|Any CPU
		{CE023642-9F74-4024-8A0F-6ADAFD9A7C97}.Release|x64.Build.0 = Release|Any CPU
		{CE023642-9F74-4024-8A0F-6ADAFD9A7C97}.Release|x64.Deploy.0 = Release|Any CPU
		{CE023642-9F74-4024-8A0F-6ADAFD9A7C97}.Release|x86.ActiveCfg = Release|Any CPU
		{CE023642-9F74-4024-8A0F-6ADAFD9A7C97}.Release|x86.Build.0 = Release|Any CPU
		{CE023642-9F74-4024-8A0F-6ADAFD9A7C97}.Release|x86.Deploy.0 = Release|Any CPU
	EndGlobalSection
	GlobalSection(SolutionProperties) = preSolution
		HideSolutionNode = FALSE
	EndGlobalSection
	GlobalSection(ExtensibilityGlobals) = postSolution
		SolutionGuid = {A5B92064-0C95-430C-96F7-96969A8688FD}
	EndGlobalSection
EndGlobal
